
Microsoft Visual Studio Solution File, Format Version 12.00
# Visual Studio Version 16
VisualStudioVersion = 16.0.30011.22
MinimumVisualStudioVersion = 10.0.40219.1
Project("{E24C65DC-7377-472B-9ABA-BC803B73C61A}") = "project0", ".", "{00A21CDC-C4A8-42F1-8B23-23E0796C4514}"
	ProjectSection(WebsiteProperties) = preProject
		TargetFrameworkMoniker = ".NETFramework,Version%3Dv4.0"
		Debug.AspNetCompiler.VirtualPath = "/localhost_58882"
		Debug.AspNetCompiler.PhysicalPath = "..\project0\"
		Debug.AspNetCompiler.TargetPath = "PrecompiledWeb\localhost_58882\"
		Debug.AspNetCompiler.Updateable = "true"
		Debug.AspNetCompiler.ForceOverwrite = "true"
		Debug.AspNetCompiler.FixedNames = "false"
		Debug.AspNetCompiler.Debug = "True"
		Release.AspNetCompiler.VirtualPath = "/localhost_58882"
		Release.AspNetCompiler.PhysicalPath = "..\project0\"
		Release.AspNetCompiler.TargetPath = "PrecompiledWeb\localhost_58882\"
		Release.AspNetCompiler.Updateable = "true"
		Release.AspNetCompiler.ForceOverwrite = "true"
		Release.AspNetCompiler.FixedNames = "false"
		Release.AspNetCompiler.Debug = "False"
		VWDPort = "58882"
		SlnRelativePath = "..\project0\"
	EndProjectSection
EndProject
Global
	GlobalSection(SolutionConfigurationPlatforms) = preSolution
		Debug|Any CPU = Debug|Any CPU
	EndGlobalSection
	GlobalSection(ProjectConfigurationPlatforms) = postSolution
		{00A21CDC-C4A8-42F1-8B23-23E0796C4514}.Debug|Any CPU.ActiveCfg = Debug|Any CPU
		{00A21CDC-C4A8-42F1-8B23-23E0796C4514}.Debug|Any CPU.Build.0 = Debug|Any CPU
	EndGlobalSection
	GlobalSection(SolutionProperties) = preSolution
		HideSolutionNode = FALSE
	EndGlobalSection
	GlobalSection(ExtensibilityGlobals) = postSolution
		SolutionGuid = {9CBE1349-F66F-4839-8E31-5612869E0B47}
	EndGlobalSection
EndGlobal
